// !$*UTF8*$!
{
	archiveVersion = 1;
	classes = {
	};
	objectVersion = 46;
	objects = {

/* Begin PBXBuildFile section */
		74B538501C4DFA2600AB9823 /* main.m in Sources */ = {isa = PBXBuildFile; fileRef = 74B5384F1C4DFA2600AB9823 /* main.m */; };
		74B538531C4DFA2600AB9823 /* AppDelegate.m in Sources */ = {isa = PBXBuildFile; fileRef = 74B538521C4DFA2600AB9823 /* AppDelegate.m */; };
		74B5385B1C4DFA2600AB9823 /* Assets.xcassets in Resources */ = {isa = PBXBuildFile; fileRef = 74B5385A1C4DFA2600AB9823 /* Assets.xcassets */; };
		74B5385E1C4DFA2600AB9823 /* LaunchScreen.storyboard in Resources */ = {isa = PBXBuildFile; fileRef = 74B5385C1C4DFA2600AB9823 /* LaunchScreen.storyboard */; };
		74B538691C4DFA2600AB9823 /* RibbitTests.m in Sources */ = {isa = PBXBuildFile; fileRef = 74B538681C4DFA2600AB9823 /* RibbitTests.m */; };
		74B538741C4DFA2600AB9823 /* RibbitUITests.m in Sources */ = {isa = PBXBuildFile; fileRef = 74B538731C4DFA2600AB9823 /* RibbitUITests.m */; };
		74B538821C4DFAA600AB9823 /* MainStoryBoard.storyboard in Resources */ = {isa = PBXBuildFile; fileRef = 74B538811C4DFAA600AB9823 /* MainStoryBoard.storyboard */; };
		74B538911C4E036500AB9823 /* InboxTableViewController.m in Sources */ = {isa = PBXBuildFile; fileRef = 74B538901C4E036500AB9823 /* InboxTableViewController.m */; };
		74B538991C52046600AB9823 /* Bolts.framework in Frameworks */ = {isa = PBXBuildFile; fileRef = 74B538931C52046600AB9823 /* Bolts.framework */; };
		74B5389A1C52046600AB9823 /* Parse.framework in Frameworks */ = {isa = PBXBuildFile; fileRef = 74B538941C52046600AB9823 /* Parse.framework */; };
		74B5389B1C52046600AB9823 /* ParseFacebookUtils.framework in Frameworks */ = {isa = PBXBuildFile; fileRef = 74B538951C52046600AB9823 /* ParseFacebookUtils.framework */; };
		74B5389C1C52046600AB9823 /* ParseFacebookUtilsV4.framework in Frameworks */ = {isa = PBXBuildFile; fileRef = 74B538961C52046600AB9823 /* ParseFacebookUtilsV4.framework */; };
		74B5389D1C52046600AB9823 /* ParseTwitterUtils.framework in Frameworks */ = {isa = PBXBuildFile; fileRef = 74B538971C52046600AB9823 /* ParseTwitterUtils.framework */; };
		74B5389E1C52046600AB9823 /* ParseUI.framework in Frameworks */ = {isa = PBXBuildFile; fileRef = 74B538981C52046600AB9823 /* ParseUI.framework */; };
		74B538AF1C52059300AB9823 /* AudioToolbox.framework in Frameworks */ = {isa = PBXBuildFile; fileRef = 74B538AB1C52059300AB9823 /* AudioToolbox.framework */; };
		74B538B01C52059300AB9823 /* CFNetwork.framework in Frameworks */ = {isa = PBXBuildFile; fileRef = 74B538AC1C52059300AB9823 /* CFNetwork.framework */; };
		74B538B11C52059300AB9823 /* CoreGraphics.framework in Frameworks */ = {isa = PBXBuildFile; fileRef = 74B538AD1C52059300AB9823 /* CoreGraphics.framework */; };
		74B538B21C52059300AB9823 /* CoreLocation.framework in Frameworks */ = {isa = PBXBuildFile; fileRef = 74B538AE1C52059300AB9823 /* CoreLocation.framework */; };
		74B538B61C5205E300AB9823 /* Security.framework in Frameworks */ = {isa = PBXBuildFile; fileRef = 74B538B31C5205E300AB9823 /* Security.framework */; };
		74B538B71C5205E300AB9823 /* StoreKit.framework in Frameworks */ = {isa = PBXBuildFile; fileRef = 74B538B41C5205E300AB9823 /* StoreKit.framework */; };
		74B538B81C5205E300AB9823 /* SystemConfiguration.framework in Frameworks */ = {isa = PBXBuildFile; fileRef = 74B538B51C5205E300AB9823 /* SystemConfiguration.framework */; };
		74B538BB1C52061300AB9823 /* libsqlite3.tbd in Frameworks */ = {isa = PBXBuildFile; fileRef = 74B538B91C52061300AB9823 /* libsqlite3.tbd */; };
		74B538BC1C52061300AB9823 /* libz.tbd in Frameworks */ = {isa = PBXBuildFile; fileRef = 74B538BA1C52061300AB9823 /* libz.tbd */; };
		74B538BF1C52084F00AB9823 /* LoginViewController.m in Sources */ = {isa = PBXBuildFile; fileRef = 74B538BE1C52084F00AB9823 /* LoginViewController.m */; };
		74B538C21C52086300AB9823 /* SignupViewController.m in Sources */ = {isa = PBXBuildFile; fileRef = 74B538C11C52086300AB9823 /* SignupViewController.m */; };
		74B538C51C55892E00AB9823 /* EditFriendsTableViewController.m in Sources */ = {isa = PBXBuildFile; fileRef = 74B538C41C55892E00AB9823 /* EditFriendsTableViewController.m */; };
		74B538CB1C5591BC00AB9823 /* FriendsTableViewController.m in Sources */ = {isa = PBXBuildFile; fileRef = 74B538CA1C5591BC00AB9823 /* FriendsTableViewController.m */; };
		74B538CE1C572C4D00AB9823 /* CameraTableViewController.m in Sources */ = {isa = PBXBuildFile; fileRef = 74B538CD1C572C4D00AB9823 /* CameraTableViewController.m */; };
		74B538D11C59E1A000AB9823 /* ImageViewController.m in Sources */ = {isa = PBXBuildFile; fileRef = 74B538D01C59E1A000AB9823 /* ImageViewController.m */; };
		74B538D31C59EA0100AB9823 /* MediaPlayer.framework in Frameworks */ = {isa = PBXBuildFile; fileRef = 74B538D21C59EA0100AB9823 /* MediaPlayer.framework */; };
/* End PBXBuildFile section */

/* Begin PBXContainerItemProxy section */
		74B538651C4DFA2600AB9823 /* PBXContainerItemProxy */ = {
			isa = PBXContainerItemProxy;
			containerPortal = 74B538431C4DFA2600AB9823 /* Project object */;
			proxyType = 1;
			remoteGlobalIDString = 74B5384A1C4DFA2600AB9823;
			remoteInfo = Ribbit;
		};
		74B538701C4DFA2600AB9823 /* PBXContainerItemProxy */ = {
			isa = PBXContainerItemProxy;
			containerPortal = 74B538431C4DFA2600AB9823 /* Project object */;
			proxyType = 1;
			remoteGlobalIDString = 74B5384A1C4DFA2600AB9823;
			remoteInfo = Ribbit;
		};
/* End PBXContainerItemProxy section */

/* Begin PBXFileReference section */
		74B5384B1C4DFA2600AB9823 /* Ribbit.app */ = {isa = PBXFileReference; explicitFileType = wrapper.application; includeInIndex = 0; path = Ribbit.app; sourceTree = BUILT_PRODUCTS_DIR; };
		74B5384F1C4DFA2600AB9823 /* main.m */ = {isa = PBXFileReference; lastKnownFileType = sourcecode.c.objc; path = main.m; sourceTree = "<group>"; };
		74B538511C4DFA2600AB9823 /* AppDelegate.h */ = {isa = PBXFileReference; lastKnownFileType = sourcecode.c.h; path = AppDelegate.h; sourceTree = "<group>"; };
		74B538521C4DFA2600AB9823 /* AppDelegate.m */ = {isa = PBXFileReference; lastKnownFileType = sourcecode.c.objc; path = AppDelegate.m; sourceTree = "<group>"; };
		74B5385A1C4DFA2600AB9823 /* Assets.xcassets */ = {isa = PBXFileReference; lastKnownFileType = folder.assetcatalog; path = Assets.xcassets; sourceTree = "<group>"; };
		74B5385D1C4DFA2600AB9823 /* Base */ = {isa = PBXFileReference; lastKnownFileType = file.storyboard; name = Base; path = Base.lproj/LaunchScreen.storyboard; sourceTree = "<group>"; };
		74B5385F1C4DFA2600AB9823 /* Info.plist */ = {isa = PBXFileReference; lastKnownFileType = text.plist.xml; path = Info.plist; sourceTree = "<group>"; };
		74B538641C4DFA2600AB9823 /* RibbitTests.xctest */ = {isa = PBXFileReference; explicitFileType = wrapper.cfbundle; includeInIndex = 0; path = RibbitTests.xctest; sourceTree = BUILT_PRODUCTS_DIR; };
		74B538681C4DFA2600AB9823 /* RibbitTests.m */ = {isa = PBXFileReference; lastKnownFileType = sourcecode.c.objc; path = RibbitTests.m; sourceTree = "<group>"; };
		74B5386A1C4DFA2600AB9823 /* Info.plist */ = {isa = PBXFileReference; lastKnownFileType = text.plist.xml; path = Info.plist; sourceTree = "<group>"; };
		74B5386F1C4DFA2600AB9823 /* RibbitUITests.xctest */ = {isa = PBXFileReference; explicitFileType = wrapper.cfbundle; includeInIndex = 0; path = RibbitUITests.xctest; sourceTree = BUILT_PRODUCTS_DIR; };
		74B538731C4DFA2600AB9823 /* RibbitUITests.m */ = {isa = PBXFileReference; lastKnownFileType = sourcecode.c.objc; path = RibbitUITests.m; sourceTree = "<group>"; };
		74B538751C4DFA2600AB9823 /* Info.plist */ = {isa = PBXFileReference; lastKnownFileType = text.plist.xml; path = Info.plist; sourceTree = "<group>"; };
		74B538811C4DFAA600AB9823 /* MainStoryBoard.storyboard */ = {isa = PBXFileReference; fileEncoding = 4; lastKnownFileType = file.storyboard; path = MainStoryBoard.storyboard; sourceTree = "<group>"; };
		74B5388F1C4E036500AB9823 /* InboxTableViewController.h */ = {isa = PBXFileReference; fileEncoding = 4; lastKnownFileType = sourcecode.c.h; path = InboxTableViewController.h; sourceTree = "<group>"; };
		74B538901C4E036500AB9823 /* InboxTableViewController.m */ = {isa = PBXFileReference; fileEncoding = 4; lastKnownFileType = sourcecode.c.objc; path = InboxTableViewController.m; sourceTree = "<group>"; };
		74B538931C52046600AB9823 /* Bolts.framework */ = {isa = PBXFileReference; lastKnownFileType = wrapper.framework; path = Bolts.framework; sourceTree = "<group>"; };
		74B538941C52046600AB9823 /* Parse.framework */ = {isa = PBXFileReference; lastKnownFileType = wrapper.framework; path = Parse.framework; sourceTree = "<group>"; };
		74B538951C52046600AB9823 /* ParseFacebookUtils.framework */ = {isa = PBXFileReference; lastKnownFileType = wrapper.framework; path = ParseFacebookUtils.framework; sourceTree = "<group>"; };
		74B538961C52046600AB9823 /* ParseFacebookUtilsV4.framework */ = {isa = PBXFileReference; lastKnownFileType = wrapper.framework; path = ParseFacebookUtilsV4.framework; sourceTree = "<group>"; };
		74B538971C52046600AB9823 /* ParseTwitterUtils.framework */ = {isa = PBXFileReference; lastKnownFileType = wrapper.framework; path = ParseTwitterUtils.framework; sourceTree = "<group>"; };
		74B538981C52046600AB9823 /* ParseUI.framework */ = {isa = PBXFileReference; lastKnownFileType = wrapper.framework; path = ParseUI.framework; sourceTree = "<group>"; };
		74B538AB1C52059300AB9823 /* AudioToolbox.framework */ = {isa = PBXFileReference; lastKnownFileType = wrapper.framework; name = AudioToolbox.framework; path = System/Library/Frameworks/AudioToolbox.framework; sourceTree = SDKROOT; };
		74B538AC1C52059300AB9823 /* CFNetwork.framework */ = {isa = PBXFileReference; lastKnownFileType = wrapper.framework; name = CFNetwork.framework; path = System/Library/Frameworks/CFNetwork.framework; sourceTree = SDKROOT; };
		74B538AD1C52059300AB9823 /* CoreGraphics.framework */ = {isa = PBXFileReference; lastKnownFileType = wrapper.framework; name = CoreGraphics.framework; path = System/Library/Frameworks/CoreGraphics.framework; sourceTree = SDKROOT; };
		74B538AE1C52059300AB9823 /* CoreLocation.framework */ = {isa = PBXFileReference; lastKnownFileType = wrapper.framework; name = CoreLocation.framework; path = System/Library/Frameworks/CoreLocation.framework; sourceTree = SDKROOT; };
		74B538B31C5205E300AB9823 /* Security.framework */ = {isa = PBXFileReference; lastKnownFileType = wrapper.framework; name = Security.framework; path = System/Library/Frameworks/Security.framework; sourceTree = SDKROOT; };
		74B538B41C5205E300AB9823 /* StoreKit.framework */ = {isa = PBXFileReference; lastKnownFileType = wrapper.framework; name = StoreKit.framework; path = System/Library/Frameworks/StoreKit.framework; sourceTree = SDKROOT; };
		74B538B51C5205E300AB9823 /* SystemConfiguration.framework */ = {isa = PBXFileReference; lastKnownFileType = wrapper.framework; name = SystemConfiguration.framework; path = System/Library/Frameworks/SystemConfiguration.framework; sourceTree = SDKROOT; };
		74B538B91C52061300AB9823 /* libsqlite3.tbd */ = {isa = PBXFileReference; lastKnownFileType = "sourcecode.text-based-dylib-definition"; name = libsqlite3.tbd; path = usr/lib/libsqlite3.tbd; sourceTree = SDKROOT; };
		74B538BA1C52061300AB9823 /* libz.tbd */ = {isa = PBXFileReference; lastKnownFileType = "sourcecode.text-based-dylib-definition"; name = libz.tbd; path = usr/lib/libz.tbd; sourceTree = SDKROOT; };
		74B538BD1C52084F00AB9823 /* LoginViewController.h */ = {isa = PBXFileReference; fileEncoding = 4; lastKnownFileType = sourcecode.c.h; path = LoginViewController.h; sourceTree = "<group>"; };
		74B538BE1C52084F00AB9823 /* LoginViewController.m */ = {isa = PBXFileReference; fileEncoding = 4; lastKnownFileType = sourcecode.c.objc; path = LoginViewController.m; sourceTree = "<group>"; };
		74B538C01C52086300AB9823 /* SignupViewController.h */ = {isa = PBXFileReference; fileEncoding = 4; lastKnownFileType = sourcecode.c.h; path = SignupViewController.h; sourceTree = "<group>"; };
		74B538C11C52086300AB9823 /* SignupViewController.m */ = {isa = PBXFileReference; fileEncoding = 4; lastKnownFileType = sourcecode.c.objc; path = SignupViewController.m; sourceTree = "<group>"; };
		74B538C31C55892E00AB9823 /* EditFriendsTableViewController.h */ = {isa = PBXFileReference; fileEncoding = 4; lastKnownFileType = sourcecode.c.h; path = EditFriendsTableViewController.h; sourceTree = "<group>"; };
		74B538C41C55892E00AB9823 /* EditFriendsTableViewController.m */ = {isa = PBXFileReference; fileEncoding = 4; lastKnownFileType = sourcecode.c.objc; path = EditFriendsTableViewController.m; sourceTree = "<group>"; };
		74B538C91C5591BC00AB9823 /* FriendsTableViewController.h */ = {isa = PBXFileReference; fileEncoding = 4; lastKnownFileType = sourcecode.c.h; path = FriendsTableViewController.h; sourceTree = "<group>"; };
		74B538CA1C5591BC00AB9823 /* FriendsTableViewController.m */ = {isa = PBXFileReference; fileEncoding = 4; lastKnownFileType = sourcecode.c.objc; path = FriendsTableViewController.m; sourceTree = "<group>"; };
		74B538CC1C572C4D00AB9823 /* CameraTableViewController.h */ = {isa = PBXFileReference; fileEncoding = 4; lastKnownFileType = sourcecode.c.h; path = CameraTableViewController.h; sourceTree = "<group>"; };
		74B538CD1C572C4D00AB9823 /* CameraTableViewController.m */ = {isa = PBXFileReference; fileEncoding = 4; lastKnownFileType = sourcecode.c.objc; path = CameraTableViewController.m; sourceTree = "<group>"; };
		74B538CF1C59E1A000AB9823 /* ImageViewController.h */ = {isa = PBXFileReference; fileEncoding = 4; lastKnownFileType = sourcecode.c.h; path = ImageViewController.h; sourceTree = "<group>"; };
		74B538D01C59E1A000AB9823 /* ImageViewController.m */ = {isa = PBXFileReference; fileEncoding = 4; lastKnownFileType = sourcecode.c.objc; path = ImageViewController.m; sourceTree = "<group>"; };
		74B538D21C59EA0100AB9823 /* MediaPlayer.framework */ = {isa = PBXFileReference; lastKnownFileType = wrapper.framework; name = MediaPlayer.framework; path = System/Library/Frameworks/MediaPlayer.framework; sourceTree = SDKROOT; };
/* End PBXFileReference section */

/* Begin PBXFrameworksBuildPhase section */
		74B538481C4DFA2600AB9823 /* Frameworks */ = {
			isa = PBXFrameworksBuildPhase;
			buildActionMask = 2147483647;
			files = (
				74B538D31C59EA0100AB9823 /* MediaPlayer.framework in Frameworks */,
				74B538BB1C52061300AB9823 /* libsqlite3.tbd in Frameworks */,
				74B538BC1C52061300AB9823 /* libz.tbd in Frameworks */,
				74B538B61C5205E300AB9823 /* Security.framework in Frameworks */,
				74B538B71C5205E300AB9823 /* StoreKit.framework in Frameworks */,
				74B538B81C5205E300AB9823 /* SystemConfiguration.framework in Frameworks */,
				74B538AF1C52059300AB9823 /* AudioToolbox.framework in Frameworks */,
				74B538B01C52059300AB9823 /* CFNetwork.framework in Frameworks */,
				74B538B11C52059300AB9823 /* CoreGraphics.framework in Frameworks */,
				74B538B21C52059300AB9823 /* CoreLocation.framework in Frameworks */,
				74B5389E1C52046600AB9823 /* ParseUI.framework in Frameworks */,
				74B5389A1C52046600AB9823 /* Parse.framework in Frameworks */,
				74B538991C52046600AB9823 /* Bolts.framework in Frameworks */,
				74B5389C1C52046600AB9823 /* ParseFacebookUtilsV4.framework in Frameworks */,
				74B5389B1C52046600AB9823 /* ParseFacebookUtils.framework in Frameworks */,
				74B5389D1C52046600AB9823 /* ParseTwitterUtils.framework in Frameworks */,
			);
			runOnlyForDeploymentPostprocessing = 0;
		};
		74B538611C4DFA2600AB9823 /* Frameworks */ = {
			isa = PBXFrameworksBuildPhase;
			buildActionMask = 2147483647;
			files = (
			);
			runOnlyForDeploymentPostprocessing = 0;
		};
		74B5386C1C4DFA2600AB9823 /* Frameworks */ = {
			isa = PBXFrameworksBuildPhase;
			buildActionMask = 2147483647;
			files = (
			);
			runOnlyForDeploymentPostprocessing = 0;
		};
/* End PBXFrameworksBuildPhase section */

/* Begin PBXGroup section */
		74B538421C4DFA2600AB9823 = {
			isa = PBXGroup;
			children = (
				74B5384D1C4DFA2600AB9823 /* Ribbit */,
				74B538921C52042D00AB9823 /* Frameworks */,
				74B538671C4DFA2600AB9823 /* RibbitTests */,
				74B538721C4DFA2600AB9823 /* RibbitUITests */,
				74B5384C1C4DFA2600AB9823 /* Products */,
			);
			sourceTree = "<group>";
		};
		74B5384C1C4DFA2600AB9823 /* Products */ = {
			isa = PBXGroup;
			children = (
				74B5384B1C4DFA2600AB9823 /* Ribbit.app */,
				74B538641C4DFA2600AB9823 /* RibbitTests.xctest */,
				74B5386F1C4DFA2600AB9823 /* RibbitUITests.xctest */,
			);
			name = Products;
			sourceTree = "<group>";
		};
		74B5384D1C4DFA2600AB9823 /* Ribbit */ = {
			isa = PBXGroup;
			children = (
				74B5388F1C4E036500AB9823 /* InboxTableViewController.h */,
				74B538901C4E036500AB9823 /* InboxTableViewController.m */,
				74B538CF1C59E1A000AB9823 /* ImageViewController.h */,
				74B538D01C59E1A000AB9823 /* ImageViewController.m */,
				74B538BD1C52084F00AB9823 /* LoginViewController.h */,
				74B538BE1C52084F00AB9823 /* LoginViewController.m */,
				74B538C01C52086300AB9823 /* SignupViewController.h */,
				74B538C11C52086300AB9823 /* SignupViewController.m */,
				74B538C91C5591BC00AB9823 /* FriendsTableViewController.h */,
				74B538CA1C5591BC00AB9823 /* FriendsTableViewController.m */,
				74B538C31C55892E00AB9823 /* EditFriendsTableViewController.h */,
				74B538C41C55892E00AB9823 /* EditFriendsTableViewController.m */,
				74B538CC1C572C4D00AB9823 /* CameraTableViewController.h */,
				74B538CD1C572C4D00AB9823 /* CameraTableViewController.m */,
				74B538811C4DFAA600AB9823 /* MainStoryBoard.storyboard */,
				74B5385A1C4DFA2600AB9823 /* Assets.xcassets */,
				74B5385C1C4DFA2600AB9823 /* LaunchScreen.storyboard */,
				74B5385F1C4DFA2600AB9823 /* Info.plist */,
				74B5384E1C4DFA2600AB9823 /* Supporting Files */,
			);
			path = Ribbit;
			sourceTree = "<group>";
		};
		74B5384E1C4DFA2600AB9823 /* Supporting Files */ = {
			isa = PBXGroup;
			children = (
				74B538511C4DFA2600AB9823 /* AppDelegate.h */,
				74B538521C4DFA2600AB9823 /* AppDelegate.m */,
				74B5384F1C4DFA2600AB9823 /* main.m */,
			);
			name = "Supporting Files";
			sourceTree = "<group>";
		};
		74B538671C4DFA2600AB9823 /* RibbitTests */ = {
			isa = PBXGroup;
			children = (
				74B538681C4DFA2600AB9823 /* RibbitTests.m */,
				74B5386A1C4DFA2600AB9823 /* Info.plist */,
			);
			path = RibbitTests;
			sourceTree = "<group>";
		};
		74B538721C4DFA2600AB9823 /* RibbitUITests */ = {
			isa = PBXGroup;
			children = (
				74B538731C4DFA2600AB9823 /* RibbitUITests.m */,
				74B538751C4DFA2600AB9823 /* Info.plist */,
			);
			path = RibbitUITests;
			sourceTree = "<group>";
		};
		74B538921C52042D00AB9823 /* Frameworks */ = {
			isa = PBXGroup;
			children = (
				74B538D21C59EA0100AB9823 /* MediaPlayer.framework */,
				74B538B91C52061300AB9823 /* libsqlite3.tbd */,
				74B538BA1C52061300AB9823 /* libz.tbd */,
				74B538AB1C52059300AB9823 /* AudioToolbox.framework */,
				74B538AC1C52059300AB9823 /* CFNetwork.framework */,
				74B538AD1C52059300AB9823 /* CoreGraphics.framework */,
				74B538AE1C52059300AB9823 /* CoreLocation.framework */,
				74B538B31C5205E300AB9823 /* Security.framework */,
				74B538B41C5205E300AB9823 /* StoreKit.framework */,
				74B538B51C5205E300AB9823 /* SystemConfiguration.framework */,
				74B538931C52046600AB9823 /* Bolts.framework */,
				74B538941C52046600AB9823 /* Parse.framework */,
				74B538951C52046600AB9823 /* ParseFacebookUtils.framework */,
				74B538961C52046600AB9823 /* ParseFacebookUtilsV4.framework */,
				74B538971C52046600AB9823 /* ParseTwitterUtils.framework */,
				74B538981C52046600AB9823 /* ParseUI.framework */,
			);
			name = Frameworks;
			sourceTree = "<group>";
		};
/* End PBXGroup section */

/* Begin PBXNativeTarget section */
		74B5384A1C4DFA2600AB9823 /* Ribbit */ = {
			isa = PBXNativeTarget;
			buildConfigurationList = 74B538781C4DFA2600AB9823 /* Build configuration list for PBXNativeTarget "Ribbit" */;
			buildPhases = (
				74B538471C4DFA2600AB9823 /* Sources */,
				74B538481C4DFA2600AB9823 /* Frameworks */,
				74B538491C4DFA2600AB9823 /* Resources */,
			);
			buildRules = (
			);
			dependencies = (
			);
			name = Ribbit;
			productName = Ribbit;
			productReference = 74B5384B1C4DFA2600AB9823 /* Ribbit.app */;
			productType = "com.apple.product-type.application";
		};
		74B538631C4DFA2600AB9823 /* RibbitTests */ = {
			isa = PBXNativeTarget;
			buildConfigurationList = 74B5387B1C4DFA2600AB9823 /* Build configuration list for PBXNativeTarget "RibbitTests" */;
			buildPhases = (
				74B538601C4DFA2600AB9823 /* Sources */,
				74B538611C4DFA2600AB9823 /* Frameworks */,
				74B538621C4DFA2600AB9823 /* Resources */,
			);
			buildRules = (
			);
			dependencies = (
				74B538661C4DFA2600AB9823 /* PBXTargetDependency */,
			);
			name = RibbitTests;
			productName = RibbitTests;
			productReference = 74B538641C4DFA2600AB9823 /* RibbitTests.xctest */;
			productType = "com.apple.product-type.bundle.unit-test";
		};
		74B5386E1C4DFA2600AB9823 /* RibbitUITests */ = {
			isa = PBXNativeTarget;
			buildConfigurationList = 74B5387E1C4DFA2600AB9823 /* Build configuration list for PBXNativeTarget "RibbitUITests" */;
			buildPhases = (
				74B5386B1C4DFA2600AB9823 /* Sources */,
				74B5386C1C4DFA2600AB9823 /* Frameworks */,
				74B5386D1C4DFA2600AB9823 /* Resources */,
			);
			buildRules = (
			);
			dependencies = (
				74B538711C4DFA2600AB9823 /* PBXTargetDependency */,
			);
			name = RibbitUITests;
			productName = RibbitUITests;
			productReference = 74B5386F1C4DFA2600AB9823 /* RibbitUITests.xctest */;
			productType = "com.apple.product-type.bundle.ui-testing";
		};
/* End PBXNativeTarget section */

/* Begin PBXProject section */
		74B538431C4DFA2600AB9823 /* Project object */ = {
			isa = PBXProject;
			attributes = {
				LastUpgradeCheck = 0720;
				ORGANIZATIONNAME = "Shan Rammah";
				TargetAttributes = {
					74B5384A1C4DFA2600AB9823 = {
						CreatedOnToolsVersion = 7.2;
					};
					74B538631C4DFA2600AB9823 = {
						CreatedOnToolsVersion = 7.2;
						TestTargetID = 74B5384A1C4DFA2600AB9823;
					};
					74B5386E1C4DFA2600AB9823 = {
						CreatedOnToolsVersion = 7.2;
						TestTargetID = 74B5384A1C4DFA2600AB9823;
					};
				};
			};
			buildConfigurationList = 74B538461C4DFA2600AB9823 /* Build configuration list for PBXProject "Ribbit" */;
			compatibilityVersion = "Xcode 3.2";
			developmentRegion = English;
			hasScannedForEncodings = 0;
			knownRegions = (
				en,
				Base,
			);
			mainGroup = 74B538421C4DFA2600AB9823;
			productRefGroup = 74B5384C1C4DFA2600AB9823 /* Products */;
			projectDirPath = "";
			projectRoot = "";
			targets = (
				74B5384A1C4DFA2600AB9823 /* Ribbit */,
				74B538631C4DFA2600AB9823 /* RibbitTests */,
				74B5386E1C4DFA2600AB9823 /* RibbitUITests */,
			);
		};
/* End PBXProject section */

/* Begin PBXResourcesBuildPhase section */
		74B538491C4DFA2600AB9823 /* Resources */ = {
			isa = PBXResourcesBuildPhase;
			buildActionMask = 2147483647;
			files = (
				74B538821C4DFAA600AB9823 /* MainStoryBoard.storyboard in Resources */,
				74B5385E1C4DFA2600AB9823 /* LaunchScreen.storyboard in Resources */,
				74B5385B1C4DFA2600AB9823 /* Assets.xcassets in Resources */,
			);
			runOnlyForDeploymentPostprocessing = 0;
		};
		74B538621C4DFA2600AB9823 /* Resources */ = {
			isa = PBXResourcesBuildPhase;
			buildActionMask = 2147483647;
			files = (
			);
			runOnlyForDeploymentPostprocessing = 0;
		};
		74B5386D1C4DFA2600AB9823 /* Resources */ = {
			isa = PBXResourcesBuildPhase;
			buildActionMask = 2147483647;
			files = (
			);
			runOnlyForDeploymentPostprocessing = 0;
		};
/* End PBXResourcesBuildPhase section */

/* Begin PBXSourcesBuildPhase section */
		74B538471C4DFA2600AB9823 /* Sources */ = {
			isa = PBXSourcesBuildPhase;
			buildActionMask = 2147483647;
			files = (
				74B538BF1C52084F00AB9823 /* LoginViewController.m in Sources */,
				74B538911C4E036500AB9823 /* InboxTableViewController.m in Sources */,
				74B538C51C55892E00AB9823 /* EditFriendsTableViewController.m in Sources */,
				74B538531C4DFA2600AB9823 /* AppDelegate.m in Sources */,
				74B538501C4DFA2600AB9823 /* main.m in Sources */,
				74B538CB1C5591BC00AB9823 /* FriendsTableViewController.m in Sources */,
				74B538D11C59E1A000AB9823 /* ImageViewController.m in Sources */,
				74B538CE1C572C4D00AB9823 /* CameraTableViewController.m in Sources */,
				74B538C21C52086300AB9823 /* SignupViewController.m in Sources */,
			);
			runOnlyForDeploymentPostprocessing = 0;
		};
		74B538601C4DFA2600AB9823 /* Sources */ = {
			isa = PBXSourcesBuildPhase;
			buildActionMask = 2147483647;
			files = (
				74B538691C4DFA2600AB9823 /* RibbitTests.m in Sources */,
			);
			runOnlyForDeploymentPostprocessing = 0;
		};
		74B5386B1C4DFA2600AB9823 /* Sources */ = {
			isa = PBXSourcesBuildPhase;
			buildActionMask = 2147483647;
			files = (
				74B538741C4DFA2600AB9823 /* RibbitUITests.m in Sources */,
			);
			runOnlyForDeploymentPostprocessing = 0;
		};
/* End PBXSourcesBuildPhase section */

/* Begin PBXTargetDependency section */
		74B538661C4DFA2600AB9823 /* PBXTargetDependency */ = {
			isa = PBXTargetDependency;
			target = 74B5384A1C4DFA2600AB9823 /* Ribbit */;
			targetProxy = 74B538651C4DFA2600AB9823 /* PBXContainerItemProxy */;
		};
		74B538711C4DFA2600AB9823 /* PBXTargetDependency */ = {
			isa = PBXTargetDependency;
			target = 74B5384A1C4DFA2600AB9823 /* Ribbit */;
			targetProxy = 74B538701C4DFA2600AB9823 /* PBXContainerItemProxy */;
		};
/* End PBXTargetDependency section */

/* Begin PBXVariantGroup section */
		74B5385C1C4DFA2600AB9823 /* LaunchScreen.storyboard */ = {
			isa = PBXVariantGroup;
			children = (
				74B5385D1C4DFA2600AB9823 /* Base */,
			);
			name = LaunchScreen.storyboard;
			sourceTree = "<group>";
		};
/* End PBXVariantGroup section */

/* Begin XCBuildConfiguration section */
		74B538761C4DFA2600AB9823 /* Debug */ = {
			isa = XCBuildConfiguration;
			buildSettings = {
				ALWAYS_SEARCH_USER_PATHS = NO;
				CLANG_CXX_LANGUAGE_STANDARD = "gnu++0x";
				CLANG_CXX_LIBRARY = "libc++";
				CLANG_ENABLE_MODULES = YES;
				CLANG_ENABLE_OBJC_ARC = YES;
				CLANG_WARN_BOOL_CONVERSION = YES;
				CLANG_WARN_CONSTANT_CONVERSION = YES;
				CLANG_WARN_DIRECT_OBJC_ISA_USAGE = YES_ERROR;
				CLANG_WARN_EMPTY_BODY = YES;
				CLANG_WARN_ENUM_CONVERSION = YES;
				CLANG_WARN_INT_CONVERSION = YES;
				CLANG_WARN_OBJC_ROOT_CLASS = YES_ERROR;
				CLANG_WARN_UNREACHABLE_CODE = YES;
				CLANG_WARN__DUPLICATE_METHOD_MATCH = YES;
				"CODE_SIGN_IDENTITY[sdk=iphoneos*]" = "iPhone Developer";
				COPY_PHASE_STRIP = NO;
				DEBUG_INFORMATION_FORMAT = dwarf;
				ENABLE_STRICT_OBJC_MSGSEND = YES;
				ENABLE_TESTABILITY = YES;
				GCC_C_LANGUAGE_STANDARD = gnu99;
				GCC_DYNAMIC_NO_PIC = NO;
				GCC_NO_COMMON_BLOCKS = YES;
				GCC_OPTIMIZATION_LEVEL = 0;
				GCC_PREPROCESSOR_DEFINITIONS = (
					"DEBUG=1",
					"$(inherited)",
				);
				GCC_WARN_64_TO_32_BIT_CONVERSION = YES;
				GCC_WARN_ABOUT_RETURN_TYPE = YES_ERROR;
				GCC_WARN_UNDECLARED_SELECTOR = YES;
				GCC_WARN_UNINITIALIZED_AUTOS = YES_AGGRESSIVE;
				GCC_WARN_UNUSED_FUNCTION = YES;
				GCC_WARN_UNUSED_VARIABLE = YES;
				IPHONEOS_DEPLOYMENT_TARGET = 9.2;
				MTL_ENABLE_DEBUG_INFO = YES;
				ONLY_ACTIVE_ARCH = YES;
				SDKROOT = iphoneos;
			};
			name = Debug;
		};
		74B538771C4DFA2600AB9823 /* Release */ = {
			isa = XCBuildConfiguration;
			buildSettings = {
				ALWAYS_SEARCH_USER_PATHS = NO;
				CLANG_CXX_LANGUAGE_STANDARD = "gnu++0x";
				CLANG_CXX_LIBRARY = "libc++";
				CLANG_ENABLE_MODULES = YES;
				CLANG_ENABLE_OBJC_ARC = YES;
				CLANG_WARN_BOOL_CONVERSION = YES;
				CLANG_WARN_CONSTANT_CONVERSION = YES;
				CLANG_WARN_DIRECT_OBJC_ISA_USAGE = YES_ERROR;
				CLANG_WARN_EMPTY_BODY = YES;
				CLANG_WARN_ENUM_CONVERSION = YES;
				CLANG_WARN_INT_CONVERSION = YES;
				CLANG_WARN_OBJC_ROOT_CLASS = YES_ERROR;
				CLANG_WARN_UNREACHABLE_CODE = YES;
				CLANG_WARN__DUPLICATE_METHOD_MATCH = YES;
				"CODE_SIGN_IDENTITY[sdk=iphoneos*]" = "iPhone Developer";
				COPY_PHASE_STRIP = NO;
				DEBUG_INFORMATION_FORMAT = "dwarf-with-dsym";
				ENABLE_NS_ASSERTIONS = NO;
				ENABLE_STRICT_OBJC_MSGSEND = YES;
				GCC_C_LANGUAGE_STANDARD = gnu99;
				GCC_NO_COMMON_BLOCKS = YES;
				GCC_WARN_64_TO_32_BIT_CONVERSION = YES;
				GCC_WARN_ABOUT_RETURN_TYPE = YES_ERROR;
				GCC_WARN_UNDECLARED_SELECTOR = YES;
				GCC_WARN_UNINITIALIZED_AUTOS = YES_AGGRESSIVE;
				GCC_WARN_UNUSED_FUNCTION = YES;
				GCC_WARN_UNUSED_VARIABLE = YES;
				IPHONEOS_DEPLOYMENT_TARGET = 9.2;
				MTL_ENABLE_DEBUG_INFO = NO;
				SDKROOT = iphoneos;
				VALIDATE_PRODUCT = YES;
			};
			name = Release;
		};
		74B538791C4DFA2600AB9823 /* Debug */ = {
			isa = XCBuildConfiguration;
			buildSettings = {
				ASSETCATALOG_COMPILER_APPICON_NAME = AppIcon;
				FRAMEWORK_SEARCH_PATHS = (
					"$(inherited)",
					"$(PROJECT_DIR)",
				);
				INFOPLIST_FILE = Ribbit/Info.plist;
				LD_RUNPATH_SEARCH_PATHS = "$(inherited) @executable_path/Frameworks";
				PRODUCT_BUNDLE_IDENTIFIER = com.shanrammah.Ribbit;
				PRODUCT_NAME = "$(TARGET_NAME)";
			};
			name = Debug;
		};
		74B5387A1C4DFA2600AB9823 /* Release */ = {
			isa = XCBuildConfiguration;
			buildSettings = {
				ASSETCATALOG_COMPILER_APPICON_NAME = AppIcon;
				FRAMEWORK_SEARCH_PATHS = (
					"$(inherited)",
					"$(PROJECT_DIR)",
				);
				INFOPLIST_FILE = Ribbit/Info.plist;
				LD_RUNPATH_SEARCH_PATHS = "$(inherited) @executable_path/Frameworks";
				PRODUCT_BUNDLE_IDENTIFIER = com.shanrammah.Ribbit;
				PRODUCT_NAME = "$(TARGET_NAME)";
			};
			name = Release;
		};
		74B5387C1C4DFA2600AB9823 /* Debug */ = {
			isa = XCBuildConfiguration;
			buildSettings = {
				BUNDLE_LOADER = "$(TEST_HOST)";
				INFOPLIST_FILE = RibbitTests/Info.plist;
				LD_RUNPATH_SEARCH_PATHS = "$(inherited) @executable_path/Frameworks @loader_path/Frameworks";
				PRODUCT_BUNDLE_IDENTIFIER = com.shanrammah.RibbitTests;
				PRODUCT_NAME = "$(TARGET_NAME)";
				TEST_HOST = "$(BUILT_PRODUCTS_DIR)/Ribbit.app/Ribbit";
			};
			name = Debug;
		};
		74B5387D1C4DFA2600AB9823 /* Release */ = {
			isa = XCBuildConfiguration;
			buildSettings = {
				BUNDLE_LOADER = "$(TEST_HOST)";
				INFOPLIST_FILE = RibbitTests/Info.plist;
				LD_RUNPATH_SEARCH_PATHS = "$(inherited) @executable_path/Frameworks @loader_path/Frameworks";
				PRODUCT_BUNDLE_IDENTIFIER = com.shanrammah.RibbitTests;
				PRODUCT_NAME = "$(TARGET_NAME)";
				TEST_HOST = "$(BUILT_PRODUCTS_DIR)/Ribbit.app/Ribbit";
			};
			name = Release;
		};
		74B5387F1C4DFA2600AB9823 /* Debug */ = {
			isa = XCBuildConfiguration;
			buildSettings = {
				INFOPLIST_FILE = RibbitUITests/Info.plist;
				LD_RUNPATH_SEARCH_PATHS = "$(inherited) @executable_path/Frameworks @loader_path/Frameworks";
				PRODUCT_BUNDLE_IDENTIFIER = com.shanrammah.RibbitUITests;
				PRODUCT_NAME = "$(TARGET_NAME)";
				TEST_TARGET_NAME = Ribbit;
				USES_XCTRUNNER = YES;
			};
			name = Debug;
		};
		74B538801C4DFA2600AB9823 /* Release */ = {
			isa = XCBuildConfiguration;
			buildSettings = {
				INFOPLIST_FILE = RibbitUITests/Info.plist;
				LD_RUNPATH_SEARCH_PATHS = "$(inherited) @executable_path/Frameworks @loader_path/Frameworks";
				PRODUCT_BUNDLE_IDENTIFIER = com.shanrammah.RibbitUITests;
				PRODUCT_NAME = "$(TARGET_NAME)";
				TEST_TARGET_NAME = Ribbit;
				USES_XCTRUNNER = YES;
			};
			name = Release;
		};
/* End XCBuildConfiguration section */

/* Begin XCConfigurationList section */
		74B538461C4DFA2600AB9823 /* Build configuration list for PBXProject "Ribbit" */ = {
			isa = XCConfigurationList;
			buildConfigurations = (
				74B538761C4DFA2600AB9823 /* Debug */,
				74B538771C4DFA2600AB9823 /* Release */,
			);
			defaultConfigurationIsVisible = 0;
			defaultConfigurationName = Release;
		};
		74B538781C4DFA2600AB9823 /* Build configuration list for PBXNativeTarget "Ribbit" */ = {
			isa = XCConfigurationList;
			buildConfigurations = (
				74B538791C4DFA2600AB9823 /* Debug */,
				74B5387A1C4DFA2600AB9823 /* Release */,
			);
			defaultConfigurationIsVisible = 0;
			defaultConfigurationName = Release;
		};
		74B5387B1C4DFA2600AB9823 /* Build configuration list for PBXNativeTarget "RibbitTests" */ = {
			isa = XCConfigurationList;
			buildConfigurations = (
				74B5387C1C4DFA2600AB9823 /* Debug */,
				74B5387D1C4DFA2600AB9823 /* Release */,
			);
			defaultConfigurationIsVisible = 0;
			defaultConfigurationName = Release;
		};
		74B5387E1C4DFA2600AB9823 /* Build configuration list for PBXNativeTarget "RibbitUITests" */ = {
			isa = XCConfigurationList;
			buildConfigurations = (
				74B5387F1C4DFA2600AB9823 /* Debug */,
				74B538801C4DFA2600AB9823 /* Release */,
			);
			defaultConfigurationIsVisible = 0;
			defaultConfigurationName = Release;
		};
/* End XCConfigurationList section */
	};
	rootObject = 74B538431C4DFA2600AB9823 /* Project object */;
}
